# THIS IS AN AUTOGENERATED FILE. DO NOT EDIT THIS FILE DIRECTLY.
# yarn lockfile v1


"@dmsnell/diff-match-patch@^1.1.0":
  version "1.1.0"
  resolved "https://registry.yarnpkg.com/@dmsnell/diff-match-patch/-/diff-match-patch-1.1.0.tgz#5bac00243fa2583fa970d9865609f632dcd90e32"
  integrity sha512-yejLPmM5pjsGvxS9gXablUSbInW7H976c/FJ4iQxWIm7/38xBySRemTPDe34lhg1gVLbJntX0+sH0jYfU+PN9A==

eventbusjs@^0.2.0:
  version "0.2.0"
  resolved "https://registry.yarnpkg.com/eventbusjs/-/eventbusjs-0.2.0.tgz#9ceb3d174fb1e56ebe02aee7dd5dd953bb637a93"
  integrity sha512-sWVRmz1cC+ImUH4PYl67SBVogPqYeIVlufi1bTBuxVcnQTwjHXviZbx38XhY2iPCm+UO7akwpnOY5h6WGxO6pg==

get-loggers@^1.1.4:
  version "1.1.4"
  resolved "https://registry.yarnpkg.com/get-loggers/-/get-loggers-1.1.4.tgz#b23d3a4dfb8bbe046f01a7b07736ffa211493926"
  integrity sha512-TV/2DXjhJSYoyFFBC6boyhogJLMoLHczLMbLfwaKSxTZnPkh0gImt9+Sg78U1GkJf9xyES0eP01GG/YbFBhs/g==

jsondiffpatch@^0.7.3:
  version "0.7.3"
  resolved "https://registry.yarnpkg.com/jsondiffpatch/-/jsondiffpatch-0.7.3.tgz#d83360730767c48076fb4a8db89d33d46de0cbe2"
  integrity sha512-zd4dqFiXSYyant2WgSXAZ9+yYqilNVvragVNkNRn2IFZKgjyULNrKRznqN4Zon0MkLueCg+3QaPVCnDAVP20OQ==
  dependencies:
    "@dmsnell/diff-match-patch" "^1.1.0"

safe-stringify@^1.2.0:
  version "1.2.0"
  resolved "https://registry.yarnpkg.com/safe-stringify/-/safe-stringify-1.2.0.tgz#d9f8122dc087774182123d45ba65c91fb8603770"
  integrity sha512-C+LbapLbyGhP/WeMTrnYhIPjUoNTXZ/A3Znli8D5iF+IZXrDlgvfruykOq/bZ/5ncGy/K6RsavHlkirgWDFNdA==
